// !$*UTF8*$!
{
	archiveVersion = 1;
	classes = {
	};
	objectVersion = 50;
	objects = {

/* Begin PBXBuildFile section */
		F607123A25AE49D8005E4647 /* EM_AppApp.swift in Sources */ = {isa = PBXBuildFile; fileRef = F607123925AE49D8005E4647 /* EM_AppApp.swift */; };
		F607123C25AE49D8005E4647 /* ContentView.swift in Sources */ = {isa = PBXBuildFile; fileRef = F607123B25AE49D8005E4647 /* ContentView.swift */; };
		F607123E25AE49D9005E4647 /* Assets.xcassets in Resources */ = {isa = PBXBuildFile; fileRef = F607123D25AE49D9005E4647 /* Assets.xcassets */; };
		F607124125AE49D9005E4647 /* Preview Assets.xcassets in Resources */ = {isa = PBXBuildFile; fileRef = F607124025AE49D9005E4647 /* Preview Assets.xcassets */; };
		F607124325AE49D9005E4647 /* Persistence.swift in Sources */ = {isa = PBXBuildFile; fileRef = F607124225AE49D9005E4647 /* Persistence.swift */; };
		F607124625AE49D9005E4647 /* EM_App.xcdatamodeld in Sources */ = {isa = PBXBuildFile; fileRef = F607124425AE49D9005E4647 /* EM_App.xcdatamodeld */; };
		F607125125AE49D9005E4647 /* EM_AppTests.swift in Sources */ = {isa = PBXBuildFile; fileRef = F607125025AE49D9005E4647 /* EM_AppTests.swift */; };
		F607125C25AE49D9005E4647 /* EM_AppUITests.swift in Sources */ = {isa = PBXBuildFile; fileRef = F607125B25AE49D9005E4647 /* EM_AppUITests.swift */; };
		F623E3DE25B1CCB900E5D34A /* home.swift in Sources */ = {isa = PBXBuildFile; fileRef = F623E3DD25B1CCB900E5D34A /* home.swift */; };
		F623E3E725B1CCCF00E5D34A /* news.swift in Sources */ = {isa = PBXBuildFile; fileRef = F623E3E625B1CCCF00E5D34A /* news.swift */; };
		F623E3EC25B1CCDD00E5D34A /* settings.swift in Sources */ = {isa = PBXBuildFile; fileRef = F623E3EB25B1CCDD00E5D34A /* settings.swift */; };
		F636EDDF25B57CD800972C83 /* newsDetail.swift in Sources */ = {isa = PBXBuildFile; fileRef = F636EDDE25B57CD800972C83 /* newsDetail.swift */; };
		F6DF1AEF25B2479B000B1CC8 /* newsData.json in Resources */ = {isa = PBXBuildFile; fileRef = F6DF1AEE25B2479B000B1CC8 /* newsData.json */; };
		F6DF1AF425B24835000B1CC8 /* NewsData.swift in Sources */ = {isa = PBXBuildFile; fileRef = F6DF1AF325B24835000B1CC8 /* NewsData.swift */; };
		F6DF1AF925B248D9000B1CC8 /* ModelData.swift in Sources */ = {isa = PBXBuildFile; fileRef = F6DF1AF825B248D9000B1CC8 /* ModelData.swift */; };
/* End PBXBuildFile section */

/* Begin PBXContainerItemProxy section */
		F607124D25AE49D9005E4647 /* PBXContainerItemProxy */ = {
			isa = PBXContainerItemProxy;
			containerPortal = F607122E25AE49D8005E4647 /* Project object */;
			proxyType = 1;
			remoteGlobalIDString = F607123525AE49D8005E4647;
			remoteInfo = "EM App";
		};
		F607125825AE49D9005E4647 /* PBXContainerItemProxy */ = {
			isa = PBXContainerItemProxy;
			containerPortal = F607122E25AE49D8005E4647 /* Project object */;
			proxyType = 1;
			remoteGlobalIDString = F607123525AE49D8005E4647;
			remoteInfo = "EM App";
		};
/* End PBXContainerItemProxy section */

/* Begin PBXFileReference section */
		F607123625AE49D8005E4647 /* EM App.app */ = {isa = PBXFileReference; explicitFileType = wrapper.application; includeInIndex = 0; path = "EM App.app"; sourceTree = BUILT_PRODUCTS_DIR; };
		F607123925AE49D8005E4647 /* EM_AppApp.swift */ = {isa = PBXFileReference; lastKnownFileType = sourcecode.swift; path = EM_AppApp.swift; sourceTree = "<group>"; };
		F607123B25AE49D8005E4647 /* ContentView.swift */ = {isa = PBXFileReference; lastKnownFileType = sourcecode.swift; path = ContentView.swift; sourceTree = "<group>"; };
		F607123D25AE49D9005E4647 /* Assets.xcassets */ = {isa = PBXFileReference; lastKnownFileType = folder.assetcatalog; path = Assets.xcassets; sourceTree = "<group>"; };
		F607124025AE49D9005E4647 /* Preview Assets.xcassets */ = {isa = PBXFileReference; lastKnownFileType = folder.assetcatalog; path = "Preview Assets.xcassets"; sourceTree = "<group>"; };
		F607124225AE49D9005E4647 /* Persistence.swift */ = {isa = PBXFileReference; lastKnownFileType = sourcecode.swift; path = Persistence.swift; sourceTree = "<group>"; };
		F607124525AE49D9005E4647 /* EM_App.xcdatamodel */ = {isa = PBXFileReference; lastKnownFileType = wrapper.xcdatamodel; path = EM_App.xcdatamodel; sourceTree = "<group>"; };
		F607124725AE49D9005E4647 /* Info.plist */ = {isa = PBXFileReference; lastKnownFileType = text.plist.xml; path = Info.plist; sourceTree = "<group>"; };
		F607124C25AE49D9005E4647 /* EM AppTests.xctest */ = {isa = PBXFileReference; explicitFileType = wrapper.cfbundle; includeInIndex = 0; path = "EM AppTests.xctest"; sourceTree = BUILT_PRODUCTS_DIR; };
		F607125025AE49D9005E4647 /* EM_AppTests.swift */ = {isa = PBXFileReference; lastKnownFileType = sourcecode.swift; path = EM_AppTests.swift; sourceTree = "<group>"; };
		F607125225AE49D9005E4647 /* Info.plist */ = {isa = PBXFileReference; lastKnownFileType = text.plist.xml; path = Info.plist; sourceTree = "<group>"; };
		F607125725AE49D9005E4647 /* EM AppUITests.xctest */ = {isa = PBXFileReference; explicitFileType = wrapper.cfbundle; includeInIndex = 0; path = "EM AppUITests.xctest"; sourceTree = BUILT_PRODUCTS_DIR; };
		F607125B25AE49D9005E4647 /* EM_AppUITests.swift */ = {isa = PBXFileReference; lastKnownFileType = sourcecode.swift; path = EM_AppUITests.swift; sourceTree = "<group>"; };
		F607125D25AE49D9005E4647 /* Info.plist */ = {isa = PBXFileReference; lastKnownFileType = text.plist.xml; path = Info.plist; sourceTree = "<group>"; };
		F623E3DD25B1CCB900E5D34A /* home.swift */ = {isa = PBXFileReference; lastKnownFileType = sourcecode.swift; path = home.swift; sourceTree = "<group>"; };
		F623E3E625B1CCCF00E5D34A /* news.swift */ = {isa = PBXFileReference; lastKnownFileType = sourcecode.swift; path = news.swift; sourceTree = "<group>"; };
		F623E3EB25B1CCDD00E5D34A /* settings.swift */ = {isa = PBXFileReference; lastKnownFileType = sourcecode.swift; path = settings.swift; sourceTree = "<group>"; };
		F636EDDE25B57CD800972C83 /* newsDetail.swift */ = {isa = PBXFileReference; lastKnownFileType = sourcecode.swift; path = newsDetail.swift; sourceTree = "<group>"; };
		F6DF1AEE25B2479B000B1CC8 /* newsData.json */ = {isa = PBXFileReference; lastKnownFileType = text.json; path = newsData.json; sourceTree = "<group>"; };
		F6DF1AF325B24835000B1CC8 /* NewsData.swift */ = {isa = PBXFileReference; lastKnownFileType = sourcecode.swift; path = NewsData.swift; sourceTree = "<group>"; };
		F6DF1AF825B248D9000B1CC8 /* ModelData.swift */ = {isa = PBXFileReference; lastKnownFileType = sourcecode.swift; path = ModelData.swift; sourceTree = "<group>"; };
/* End PBXFileReference section */

/* Begin PBXFrameworksBuildPhase section */
		F607123325AE49D8005E4647 /* Frameworks */ = {
			isa = PBXFrameworksBuildPhase;
			buildActionMask = 2147483647;
			files = (
			);
			runOnlyForDeploymentPostprocessing = 0;
		};
		F607124925AE49D9005E4647 /* Frameworks */ = {
			isa = PBXFrameworksBuildPhase;
			buildActionMask = 2147483647;
			files = (
			);
			runOnlyForDeploymentPostprocessing = 0;
		};
		F607125425AE49D9005E4647 /* Frameworks */ = {
			isa = PBXFrameworksBuildPhase;
			buildActionMask = 2147483647;
			files = (
			);
			runOnlyForDeploymentPostprocessing = 0;
		};
/* End PBXFrameworksBuildPhase section */

/* Begin PBXGroup section */
		F607122D25AE49D8005E4647 = {
			isa = PBXGroup;
			children = (
				F607123825AE49D8005E4647 /* EM App */,
				F607124F25AE49D9005E4647 /* EM AppTests */,
				F607125A25AE49D9005E4647 /* EM AppUITests */,
				F607123725AE49D8005E4647 /* Products */,
			);
			sourceTree = "<group>";
		};
		F607123725AE49D8005E4647 /* Products */ = {
			isa = PBXGroup;
			children = (
				F607123625AE49D8005E4647 /* EM App.app */,
				F607124C25AE49D9005E4647 /* EM AppTests.xctest */,
				F607125725AE49D9005E4647 /* EM AppUITests.xctest */,
			);
			name = Products;
			sourceTree = "<group>";
		};
		F607123825AE49D8005E4647 /* EM App */ = {
			isa = PBXGroup;
			children = (
				F607123925AE49D8005E4647 /* EM_AppApp.swift */,
				F607123B25AE49D8005E4647 /* ContentView.swift */,
				F623E3E225B1CCC000E5D34A /* TabView */,
				F607123D25AE49D9005E4647 /* Assets.xcassets */,
				F607124225AE49D9005E4647 /* Persistence.swift */,
				F607124725AE49D9005E4647 /* Info.plist */,
				F607124425AE49D9005E4647 /* EM_App.xcdatamodeld */,
				F607123F25AE49D9005E4647 /* Preview Content */,
			);
			path = "EM App";
			sourceTree = "<group>";
		};
		F607123F25AE49D9005E4647 /* Preview Content */ = {
			isa = PBXGroup;
			children = (
				F607124025AE49D9005E4647 /* Preview Assets.xcassets */,
			);
			path = "Preview Content";
			sourceTree = "<group>";
		};
		F607124F25AE49D9005E4647 /* EM AppTests */ = {
			isa = PBXGroup;
			children = (
				F607125025AE49D9005E4647 /* EM_AppTests.swift */,
				F607125225AE49D9005E4647 /* Info.plist */,
			);
			path = "EM AppTests";
			sourceTree = "<group>";
		};
		F607125A25AE49D9005E4647 /* EM AppUITests */ = {
			isa = PBXGroup;
			children = (
				F607125B25AE49D9005E4647 /* EM_AppUITests.swift */,
				F607125D25AE49D9005E4647 /* Info.plist */,
			);
			path = "EM AppUITests";
			sourceTree = "<group>";
		};
		F623E3E225B1CCC000E5D34A /* TabView */ = {
			isa = PBXGroup;
			children = (
				F6DF1AF825B248D9000B1CC8 /* ModelData.swift */,
				F636EDE725B57D0600972C83 /* Home */,
				F636EDE325B57CE800972C83 /* News */,
				F636EDE825B57D1000972C83 /* Settings */,
			);
			path = TabView;
			sourceTree = "<group>";
		};
		F636EDE325B57CE800972C83 /* News */ = {
			isa = PBXGroup;
			children = (
				F623E3E625B1CCCF00E5D34A /* news.swift */,
				F636EDDE25B57CD800972C83 /* newsDetail.swift */,
				F6DF1AF325B24835000B1CC8 /* NewsData.swift */,
				F6DF1AEE25B2479B000B1CC8 /* newsData.json */,
			);
			path = News;
			sourceTree = "<group>";
		};
		F636EDE725B57D0600972C83 /* Home */ = {
			isa = PBXGroup;
			children = (
				F623E3DD25B1CCB900E5D34A /* home.swift */,
			);
			path = Home;
			sourceTree = "<group>";
		};
		F636EDE825B57D1000972C83 /* Settings */ = {
			isa = PBXGroup;
			children = (
				F623E3EB25B1CCDD00E5D34A /* settings.swift */,
			);
			path = Settings;
			sourceTree = "<group>";
		};
/* End PBXGroup section */

/* Begin PBXNativeTarget section */
		F607123525AE49D8005E4647 /* EM App */ = {
			isa = PBXNativeTarget;
			buildConfigurationList = F607126025AE49D9005E4647 /* Build configuration list for PBXNativeTarget "EM App" */;
			buildPhases = (
				F607123225AE49D8005E4647 /* Sources */,
				F607123325AE49D8005E4647 /* Frameworks */,
				F607123425AE49D8005E4647 /* Resources */,
			);
			buildRules = (
			);
			dependencies = (
			);
			name = "EM App";
			productName = "EM App";
			productReference = F607123625AE49D8005E4647 /* EM App.app */;
			productType = "com.apple.product-type.application";
		};
		F607124B25AE49D9005E4647 /* EM AppTests */ = {
			isa = PBXNativeTarget;
			buildConfigurationList = F607126325AE49D9005E4647 /* Build configuration list for PBXNativeTarget "EM AppTests" */;
			buildPhases = (
				F607124825AE49D9005E4647 /* Sources */,
				F607124925AE49D9005E4647 /* Frameworks */,
				F607124A25AE49D9005E4647 /* Resources */,
			);
			buildRules = (
			);
			dependencies = (
				F607124E25AE49D9005E4647 /* PBXTargetDependency */,
			);
			name = "EM AppTests";
			productName = "EM AppTests";
			productReference = F607124C25AE49D9005E4647 /* EM AppTests.xctest */;
			productType = "com.apple.product-type.bundle.unit-test";
		};
		F607125625AE49D9005E4647 /* EM AppUITests */ = {
			isa = PBXNativeTarget;
			buildConfigurationList = F607126625AE49D9005E4647 /* Build configuration list for PBXNativeTarget "EM AppUITests" */;
			buildPhases = (
				F607125325AE49D9005E4647 /* Sources */,
				F607125425AE49D9005E4647 /* Frameworks */,
				F607125525AE49D9005E4647 /* Resources */,
			);
			buildRules = (
			);
			dependencies = (
				F607125925AE49D9005E4647 /* PBXTargetDependency */,
			);
			name = "EM AppUITests";
			productName = "EM AppUITests";
			productReference = F607125725AE49D9005E4647 /* EM AppUITests.xctest */;
			productType = "com.apple.product-type.bundle.ui-testing";
		};
/* End PBXNativeTarget section */

/* Begin PBXProject section */
		F607122E25AE49D8005E4647 /* Project object */ = {
			isa = PBXProject;
			attributes = {
				LastSwiftUpdateCheck = 1230;
				LastUpgradeCheck = 1230;
				TargetAttributes = {
					F607123525AE49D8005E4647 = {
						CreatedOnToolsVersion = 12.3;
					};
					F607124B25AE49D9005E4647 = {
						CreatedOnToolsVersion = 12.3;
						TestTargetID = F607123525AE49D8005E4647;
					};
					F607125625AE49D9005E4647 = {
						CreatedOnToolsVersion = 12.3;
						TestTargetID = F607123525AE49D8005E4647;
					};
				};
			};
			buildConfigurationList = F607123125AE49D8005E4647 /* Build configuration list for PBXProject "EM App" */;
			compatibilityVersion = "Xcode 9.3";
			developmentRegion = en;
			hasScannedForEncodings = 0;
			knownRegions = (
				en,
				Base,
			);
			mainGroup = F607122D25AE49D8005E4647;
			productRefGroup = F607123725AE49D8005E4647 /* Products */;
			projectDirPath = "";
			projectRoot = "";
			targets = (
				F607123525AE49D8005E4647 /* EM App */,
				F607124B25AE49D9005E4647 /* EM AppTests */,
				F607125625AE49D9005E4647 /* EM AppUITests */,
			);
		};
/* End PBXProject section */

/* Begin PBXResourcesBuildPhase section */
		F607123425AE49D8005E4647 /* Resources */ = {
			isa = PBXResourcesBuildPhase;
			buildActionMask = 2147483647;
			files = (
				F607124125AE49D9005E4647 /* Preview Assets.xcassets in Resources */,
				F6DF1AEF25B2479B000B1CC8 /* newsData.json in Resources */,
				F607123E25AE49D9005E4647 /* Assets.xcassets in Resources */,
			);
			runOnlyForDeploymentPostprocessing = 0;
		};
		F607124A25AE49D9005E4647 /* Resources */ = {
			isa = PBXResourcesBuildPhase;
			buildActionMask = 2147483647;
			files = (
			);
			runOnlyForDeploymentPostprocessing = 0;
		};
		F607125525AE49D9005E4647 /* Resources */ = {
			isa = PBXResourcesBuildPhase;
			buildActionMask = 2147483647;
			files = (
			);
			runOnlyForDeploymentPostprocessing = 0;
		};
/* End PBXResourcesBuildPhase section */

/* Begin PBXSourcesBuildPhase section */
		F607123225AE49D8005E4647 /* Sources */ = {
			isa = PBXSourcesBuildPhase;
			buildActionMask = 2147483647;
			files = (
				F6DF1AF425B24835000B1CC8 /* NewsData.swift in Sources */,
				F623E3E725B1CCCF00E5D34A /* news.swift in Sources */,
				F6DF1AF925B248D9000B1CC8 /* ModelData.swift in Sources */,
				F636EDDF25B57CD800972C83 /* newsDetail.swift in Sources */,
				F607124325AE49D9005E4647 /* Persistence.swift in Sources */,
				F607124625AE49D9005E4647 /* EM_App.xcdatamodeld in Sources */,
				F607123C25AE49D8005E4647 /* ContentView.swift in Sources */,
				F623E3DE25B1CCB900E5D34A /* home.swift in Sources */,
				F623E3EC25B1CCDD00E5D34A /* settings.swift in Sources */,
				F607123A25AE49D8005E4647 /* EM_AppApp.swift in Sources */,
			);
			runOnlyForDeploymentPostprocessing = 0;
		};
		F607124825AE49D9005E4647 /* Sources */ = {
			isa = PBXSourcesBuildPhase;
			buildActionMask = 2147483647;
			files = (
				F607125125AE49D9005E4647 /* EM_AppTests.swift in Sources */,
			);
			runOnlyForDeploymentPostprocessing = 0;
		};
		F607125325AE49D9005E4647 /* Sources */ = {
			isa = PBXSourcesBuildPhase;
			buildActionMask = 2147483647;
			files = (
				F607125C25AE49D9005E4647 /* EM_AppUITests.swift in Sources */,
			);
			runOnlyForDeploymentPostprocessing = 0;
		};
/* End PBXSourcesBuildPhase section */

/* Begin PBXTargetDependency section */
		F607124E25AE49D9005E4647 /* PBXTargetDependency */ = {
			isa = PBXTargetDependency;
			target = F607123525AE49D8005E4647 /* EM App */;
			targetProxy = F607124D25AE49D9005E4647 /* PBXContainerItemProxy */;
		};
		F607125925AE49D9005E4647 /* PBXTargetDependency */ = {
			isa = PBXTargetDependency;
			target = F607123525AE49D8005E4647 /* EM App */;
			targetProxy = F607125825AE49D9005E4647 /* PBXContainerItemProxy */;
		};
/* End PBXTargetDependency section */

/* Begin XCBuildConfiguration section */
		F607125E25AE49D9005E4647 /* Debug */ = {
			isa = XCBuildConfiguration;
			buildSettings = {
				ALWAYS_SEARCH_USER_PATHS = NO;
				CLANG_ANALYZER_NONNULL = YES;
				CLANG_ANALYZER_NUMBER_OBJECT_CONVERSION = YES_AGGRESSIVE;
				CLANG_CXX_LANGUAGE_STANDARD = "gnu++14";
				CLANG_CXX_LIBRARY = "libc++";
				CLANG_ENABLE_MODULES = YES;
				CLANG_ENABLE_OBJC_ARC = YES;
				CLANG_ENABLE_OBJC_WEAK = YES;
				CLANG_WARN_BLOCK_CAPTURE_AUTORELEASING = YES;
				CLANG_WARN_BOOL_CONVERSION = YES;
				CLANG_WARN_COMMA = YES;
				CLANG_WARN_CONSTANT_CONVERSION = YES;
				CLANG_WARN_DEPRECATED_OBJC_IMPLEMENTATIONS = YES;
				CLANG_WARN_DIRECT_OBJC_ISA_USAGE = YES_ERROR;
				CLANG_WARN_DOCUMENTATION_COMMENTS = YES;
				CLANG_WARN_EMPTY_BODY = YES;
				CLANG_WARN_ENUM_CONVERSION = YES;
				CLANG_WARN_INFINITE_RECURSION = YES;
				CLANG_WARN_INT_CONVERSION = YES;
				CLANG_WARN_NON_LITERAL_NULL_CONVERSION = YES;
				CLANG_WARN_OBJC_IMPLICIT_RETAIN_SELF = YES;
				CLANG_WARN_OBJC_LITERAL_CONVERSION = YES;
				CLANG_WARN_OBJC_ROOT_CLASS = YES_ERROR;
				CLANG_WARN_QUOTED_INCLUDE_IN_FRAMEWORK_HEADER = YES;
				CLANG_WARN_RANGE_LOOP_ANALYSIS = YES;
				CLANG_WARN_STRICT_PROTOTYPES = YES;
				CLANG_WARN_SUSPICIOUS_MOVE = YES;
				CLANG_WARN_UNGUARDED_AVAILABILITY = YES_AGGRESSIVE;
				CLANG_WARN_UNREACHABLE_CODE = YES;
				CLANG_WARN__DUPLICATE_METHOD_MATCH = YES;
				COPY_PHASE_STRIP = NO;
				DEBUG_INFORMATION_FORMAT = dwarf;
				ENABLE_STRICT_OBJC_MSGSEND = YES;
				ENABLE_TESTABILITY = YES;
				GCC_C_LANGUAGE_STANDARD = gnu11;
				GCC_DYNAMIC_NO_PIC = NO;
				GCC_NO_COMMON_BLOCKS = YES;
				GCC_OPTIMIZATION_LEVEL = 0;
				GCC_PREPROCESSOR_DEFINITIONS = (
					"DEBUG=1",
					"$(inherited)",
				);
				GCC_WARN_64_TO_32_BIT_CONVERSION = YES;
				GCC_WARN_ABOUT_RETURN_TYPE = YES_ERROR;
				GCC_WARN_UNDECLARED_SELECTOR = YES;
				GCC_WARN_UNINITIALIZED_AUTOS = YES_AGGRESSIVE;
				GCC_WARN_UNUSED_FUNCTION = YES;
				GCC_WARN_UNUSED_VARIABLE = YES;
				IPHONEOS_DEPLOYMENT_TARGET = 14.3;
				MTL_ENABLE_DEBUG_INFO = INCLUDE_SOURCE;
				MTL_FAST_MATH = YES;
				ONLY_ACTIVE_ARCH = YES;
				SDKROOT = iphoneos;
				SWIFT_ACTIVE_COMPILATION_CONDITIONS = DEBUG;
				SWIFT_OPTIMIZATION_LEVEL = "-Onone";
			};
			name = Debug;
		};
		F607125F25AE49D9005E4647 /* Release */ = {
			isa = XCBuildConfiguration;
			buildSettings = {
				ALWAYS_SEARCH_USER_PATHS = NO;
				CLANG_ANALYZER_NONNULL = YES;
				CLANG_ANALYZER_NUMBER_OBJECT_CONVERSION = YES_AGGRESSIVE;
				CLANG_CXX_LANGUAGE_STANDARD = "gnu++14";
				CLANG_CXX_LIBRARY = "libc++";
				CLANG_ENABLE_MODULES = YES;
				CLANG_ENABLE_OBJC_ARC = YES;
				CLANG_ENABLE_OBJC_WEAK = YES;
				CLANG_WARN_BLOCK_CAPTURE_AUTORELEASING = YES;
				CLANG_WARN_BOOL_CONVERSION = YES;
				CLANG_WARN_COMMA = YES;
				CLANG_WARN_CONSTANT_CONVERSION = YES;
				CLANG_WARN_DEPRECATED_OBJC_IMPLEMENTATIONS = YES;
				CLANG_WARN_DIRECT_OBJC_ISA_USAGE = YES_ERROR;
				CLANG_WARN_DOCUMENTATION_COMMENTS = YES;
				CLANG_WARN_EMPTY_BODY = YES;
				CLANG_WARN_ENUM_CONVERSION = YES;
				CLANG_WARN_INFINITE_RECURSION = YES;
				CLANG_WARN_INT_CONVERSION = YES;
				CLANG_WARN_NON_LITERAL_NULL_CONVERSION = YES;
				CLANG_WARN_OBJC_IMPLICIT_RETAIN_SELF = YES;
				CLANG_WARN_OBJC_LITERAL_CONVERSION = YES;
				CLANG_WARN_OBJC_ROOT_CLASS = YES_ERROR;
				CLANG_WARN_QUOTED_INCLUDE_IN_FRAMEWORK_HEADER = YES;
				CLANG_WARN_RANGE_LOOP_ANALYSIS = YES;
				CLANG_WARN_STRICT_PROTOTYPES = YES;
				CLANG_WARN_SUSPICIOUS_MOVE = YES;
				CLANG_WARN_UNGUARDED_AVAILABILITY = YES_AGGRESSIVE;
				CLANG_WARN_UNREACHABLE_CODE = YES;
				CLANG_WARN__DUPLICATE_METHOD_MATCH = YES;
				COPY_PHASE_STRIP = NO;
				DEBUG_INFORMATION_FORMAT = "dwarf-with-dsym";
				ENABLE_NS_ASSERTIONS = NO;
				ENABLE_STRICT_OBJC_MSGSEND = YES;
				GCC_C_LANGUAGE_STANDARD = gnu11;
				GCC_NO_COMMON_BLOCKS = YES;
				GCC_WARN_64_TO_32_BIT_CONVERSION = YES;
				GCC_WARN_ABOUT_RETURN_TYPE = YES_ERROR;
				GCC_WARN_UNDECLARED_SELECTOR = YES;
				GCC_WARN_UNINITIALIZED_AUTOS = YES_AGGRESSIVE;
				GCC_WARN_UNUSED_FUNCTION = YES;
				GCC_WARN_UNUSED_VARIABLE = YES;
				IPHONEOS_DEPLOYMENT_TARGET = 14.3;
				MTL_ENABLE_DEBUG_INFO = NO;
				MTL_FAST_MATH = YES;
				SDKROOT = iphoneos;
				SWIFT_COMPILATION_MODE = wholemodule;
				SWIFT_OPTIMIZATION_LEVEL = "-O";
				VALIDATE_PRODUCT = YES;
			};
			name = Release;
		};
		F607126125AE49D9005E4647 /* Debug */ = {
			isa = XCBuildConfiguration;
			buildSettings = {
				ASSETCATALOG_COMPILER_APPICON_NAME = AppIcon;
				ASSETCATALOG_COMPILER_GLOBAL_ACCENT_COLOR_NAME = AccentColor;
				CODE_SIGN_STYLE = Automatic;
				DEVELOPMENT_ASSET_PATHS = "\"EM App/Preview Content\"";
				DEVELOPMENT_TEAM = 2Q47C6R257;
				ENABLE_PREVIEWS = YES;
				INFOPLIST_FILE = "EM App/Info.plist";
				IPHONEOS_DEPLOYMENT_TARGET = 14.0;
				LD_RUNPATH_SEARCH_PATHS = (
					"$(inherited)",
					"@executable_path/Frameworks",
				);
				PRODUCT_BUNDLE_IDENTIFIER = "physikprofil2021.EM-App";
				PRODUCT_NAME = "$(TARGET_NAME)";
				SWIFT_VERSION = 5.0;
				TARGETED_DEVICE_FAMILY = "1,2";
			};
			name = Debug;
		};
		F607126225AE49D9005E4647 /* Release */ = {
			isa = XCBuildConfiguration;
			buildSettings = {
				ASSETCATALOG_COMPILER_APPICON_NAME = AppIcon;
				ASSETCATALOG_COMPILER_GLOBAL_ACCENT_COLOR_NAME = AccentColor;
				CODE_SIGN_STYLE = Automatic;
				DEVELOPMENT_ASSET_PATHS = "\"EM App/Preview Content\"";
				DEVELOPMENT_TEAM = 2Q47C6R257;
				ENABLE_PREVIEWS = YES;
				INFOPLIST_FILE = "EM App/Info.plist";
				IPHONEOS_DEPLOYMENT_TARGET = 14.0;
				LD_RUNPATH_SEARCH_PATHS = (
					"$(inherited)",
					"@executable_path/Frameworks",
				);
				PRODUCT_BUNDLE_IDENTIFIER = "physikprofil2021.EM-App";
				PRODUCT_NAME = "$(TARGET_NAME)";
				SWIFT_VERSION = 5.0;
				TARGETED_DEVICE_FAMILY = "1,2";
			};
			name = Release;
		};
		F607126425AE49D9005E4647 /* Debug */ = {
			isa = XCBuildConfiguration;
			buildSettings = {
				ALWAYS_EMBED_SWIFT_STANDARD_LIBRARIES = YES;
				BUNDLE_LOADER = "$(TEST_HOST)";
				CODE_SIGN_STYLE = Automatic;
				DEVELOPMENT_TEAM = 2Q47C6R257;
				INFOPLIST_FILE = "EM AppTests/Info.plist";
				IPHONEOS_DEPLOYMENT_TARGET = 14.0;
				LD_RUNPATH_SEARCH_PATHS = (
					"$(inherited)",
					"@executable_path/Frameworks",
					"@loader_path/Frameworks",
				);
				PRODUCT_BUNDLE_IDENTIFIER = "physikprofil2021.EM-AppTests";
				PRODUCT_NAME = "$(TARGET_NAME)";
				SWIFT_VERSION = 5.0;
				TARGETED_DEVICE_FAMILY = "1,2";
				TEST_HOST = "$(BUILT_PRODUCTS_DIR)/EM App.app/EM App";
			};
			name = Debug;
		};
		F607126525AE49D9005E4647 /* Release */ = {
			isa = XCBuildConfiguration;
			buildSettings = {
				ALWAYS_EMBED_SWIFT_STANDARD_LIBRARIES = YES;
				BUNDLE_LOADER = "$(TEST_HOST)";
				CODE_SIGN_STYLE = Automatic;
				DEVELOPMENT_TEAM = 2Q47C6R257;
				INFOPLIST_FILE = "EM AppTests/Info.plist";
				IPHONEOS_DEPLOYMENT_TARGET = 14.0;
				LD_RUNPATH_SEARCH_PATHS = (
					"$(inherited)",
					"@executable_path/Frameworks",
					"@loader_path/Frameworks",
				);
				PRODUCT_BUNDLE_IDENTIFIER = "physikprofil2021.EM-AppTests";
				PRODUCT_NAME = "$(TARGET_NAME)";
				SWIFT_VERSION = 5.0;
				TARGETED_DEVICE_FAMILY = "1,2";
				TEST_HOST = "$(BUILT_PRODUCTS_DIR)/EM App.app/EM App";
			};
			name = Release;
		};
		F607126725AE49D9005E4647 /* Debug */ = {
			isa = XCBuildConfiguration;
			buildSettings = {
				ALWAYS_EMBED_SWIFT_STANDARD_LIBRARIES = YES;
				CODE_SIGN_STYLE = Automatic;
				DEVELOPMENT_TEAM = 2Q47C6R257;
				INFOPLIST_FILE = "EM AppUITests/Info.plist";
				LD_RUNPATH_SEARCH_PATHS = (
					"$(inherited)",
					"@executable_path/Frameworks",
					"@loader_path/Frameworks",
				);
				PRODUCT_BUNDLE_IDENTIFIER = "physikprofil2021.EM-AppUITests";
				PRODUCT_NAME = "$(TARGET_NAME)";
				SWIFT_VERSION = 5.0;
				TARGETED_DEVICE_FAMILY = "1,2";
				TEST_TARGET_NAME = "EM App";
			};
			name = Debug;
		};
		F607126825AE49D9005E4647 /* Release */ = {
			isa = XCBuildConfiguration;
			buildSettings = {
				ALWAYS_EMBED_SWIFT_STANDARD_LIBRARIES = YES;
				CODE_SIGN_STYLE = Automatic;
				DEVELOPMENT_TEAM = 2Q47C6R257;
				INFOPLIST_FILE = "EM AppUITests/Info.plist";
				LD_RUNPATH_SEARCH_PATHS = (
					"$(inherited)",
					"@executable_path/Frameworks",
					"@loader_path/Frameworks",
				);
				PRODUCT_BUNDLE_IDENTIFIER = "physikprofil2021.EM-AppUITests";
				PRODUCT_NAME = "$(TARGET_NAME)";
				SWIFT_VERSION = 5.0;
				TARGETED_DEVICE_FAMILY = "1,2";
				TEST_TARGET_NAME = "EM App";
			};
			name = Release;
		};
/* End XCBuildConfiguration section */

/* Begin XCConfigurationList section */
		F607123125AE49D8005E4647 /* Build configuration list for PBXProject "EM App" */ = {
			isa = XCConfigurationList;
			buildConfigurations = (
				F607125E25AE49D9005E4647 /* Debug */,
				F607125F25AE49D9005E4647 /* Release */,
			);
			defaultConfigurationIsVisible = 0;
			defaultConfigurationName = Release;
		};
		F607126025AE49D9005E4647 /* Build configuration list for PBXNativeTarget "EM App" */ = {
			isa = XCConfigurationList;
			buildConfigurations = (
				F607126125AE49D9005E4647 /* Debug */,
				F607126225AE49D9005E4647 /* Release */,
			);
			defaultConfigurationIsVisible = 0;
			defaultConfigurationName = Release;
		};
		F607126325AE49D9005E4647 /* Build configuration list for PBXNativeTarget "EM AppTests" */ = {
			isa = XCConfigurationList;
			buildConfigurations = (
				F607126425AE49D9005E4647 /* Debug */,
				F607126525AE49D9005E4647 /* Release */,
			);
			defaultConfigurationIsVisible = 0;
			defaultConfigurationName = Release;
		};
		F607126625AE49D9005E4647 /* Build configuration list for PBXNativeTarget "EM AppUITests" */ = {
			isa = XCConfigurationList;
			buildConfigurations = (
				F607126725AE49D9005E4647 /* Debug */,
				F607126825AE49D9005E4647 /* Release */,
			);
			defaultConfigurationIsVisible = 0;
			defaultConfigurationName = Release;
		};
/* End XCConfigurationList section */

/* Begin XCVersionGroup section */
		F607124425AE49D9005E4647 /* EM_App.xcdatamodeld */ = {
			isa = XCVersionGroup;
			children = (
				F607124525AE49D9005E4647 /* EM_App.xcdatamodel */,
			);
			currentVersion = F607124525AE49D9005E4647 /* EM_App.xcdatamodel */;
			path = EM_App.xcdatamodeld;
			sourceTree = "<group>";
			versionGroupType = wrapper.xcdatamodel;
		};
/* End XCVersionGroup section */
	};
	rootObject = F607122E25AE49D8005E4647 /* Project object */;
}
